
Microsoft Visual Studio Solution File, Format Version 12.00
# Visual Studio 2013
VisualStudioVersion = 12.0.21005.1
MinimumVisualStudioVersion = 10.0.40219.1
Project("{8BC9CEB8-8B4A-11D0-8D11-00A0C91BC942}") = "PatchMatchFilter", "PatchMatchFilter\PatchMatchFilter.vcxproj", "{70D20A72-4ACD-467E-90C2-4B1E28AC41CD}"
EndProject
Global
	GlobalSection(SolutionConfigurationPlatforms) = preSolution
		Debug|Win32 = Debug|Win32
		Debug|x64 = Debug|x64
		Release|Win32 = Release|Win32
		Release|x64 = Release|x64
	EndGlobalSection
	GlobalSection(ProjectConfigurationPlatforms) = postSolution
		{70D20A72-4ACD-467E-90C2-4B1E28AC41CD}.Debug|Win32.ActiveCfg = Debug|Win32
		{70D20A72-4ACD-467E-90C2-4B1E28AC41CD}.Debug|Win32.Build.0 = Debug|Win32
		{70D20A72-4ACD-467E-90C2-4B1E28AC41CD}.Debug|x64.ActiveCfg = Debug|x64
		{70D20A72-4ACD-467E-90C2-4B1E28AC41CD}.Debug|x64.Build.0 = Debug|x64
		{70D20A72-4ACD-467E-90C2-4B1E28AC41CD}.Release|Win32.ActiveCfg = Release|Win32
		{70D20A72-4ACD-467E-90C2-4B1E28AC41CD}.Release|Win32.Build.0 = Release|Win32
		{70D20A72-4ACD-467E-90C2-4B1E28AC41CD}.Release|x64.ActiveCfg = Release|x64
		{70D20A72-4ACD-467E-90C2-4B1E28AC41CD}.Release|x64.Build.0 = Release|x64
	EndGlobalSection
	GlobalSection(SolutionProperties) = preSolution
		HideSolutionNode = FALSE
	EndGlobalSection
EndGlobal
